
Microsoft Visual Studio Solution File, Format Version 12.00
# Visual Studio Version 17
VisualStudioVersion = 17.9.34622.214
MinimumVisualStudioVersion = 10.0.40219.1
Project("{FAE04EC0-301F-11D3-BF4B-00C04F79EFBC}") = "Core", "Core\Core.csproj", "{0EDC92EF-8D08-4678-84A7-EFA4EF6F3D38}"
EndProject
Project("{FAE04EC0-301F-11D3-BF4B-00C04F79EFBC}") = "Persistence", "Persistence\Persistence.csproj", "{0348B37C-90B4-49E2-8F2F-CF285060C22C}"
EndProject
Project("{FAE04EC0-301F-11D3-BF4B-00C04F79EFBC}") = "Domain", "Domain\Domain.csproj", "{9EA12B01-39CA-4691-80FC-553113434DF8}"
EndProject
Project("{FAE04EC0-301F-11D3-BF4B-00C04F79EFBC}") = "Application", "Application\Application.csproj", "{586051DC-0832-4F2D-96D8-B16CE8DAFBB6}"
EndProject
Project("{FAE04EC0-301F-11D3-BF4B-00C04F79EFBC}") = "WebAPI", "WebAPI\WebAPI.csproj", "{A55AEEA4-7297-4940-9963-388E2A466A5E}"
EndProject
Global
	GlobalSection(SolutionConfigurationPlatforms) = preSolution
		Debug|Any CPU = Debug|Any CPU
		Release|Any CPU = Release|Any CPU
	EndGlobalSection
	GlobalSection(ProjectConfigurationPlatforms) = postSolution
		{0EDC92EF-8D08-4678-84A7-EFA4EF6F3D38}.Debug|Any CPU.ActiveCfg = Debug|Any CPU
		{0EDC92EF-8D08-4678-84A7-EFA4EF6F3D38}.Debug|Any CPU.Build.0 = Debug|Any CPU
		{0EDC92EF-8D08-4678-84A7-EFA4EF6F3D38}.Release|Any CPU.ActiveCfg = Release|Any CPU
		{0EDC92EF-8D08-4678-84A7-EFA4EF6F3D38}.Release|Any CPU.Build.0 = Release|Any CPU
		{0348B37C-90B4-49E2-8F2F-CF285060C22C}.Debug|Any CPU.ActiveCfg = Debug|Any CPU
		{0348B37C-90B4-49E2-8F2F-CF285060C22C}.Debug|Any CPU.Build.0 = Debug|Any CPU
		{0348B37C-90B4-49E2-8F2F-CF285060C22C}.Release|Any CPU.ActiveCfg = Release|Any CPU
		{0348B37C-90B4-49E2-8F2F-CF285060C22C}.Release|Any CPU.Build.0 = Release|Any CPU
		{9EA12B01-39CA-4691-80FC-553113434DF8}.Debug|Any CPU.ActiveCfg = Debug|Any CPU
		{9EA12B01-39CA-4691-80FC-553113434DF8}.Debug|Any CPU.Build.0 = Debug|Any CPU
		{9EA12B01-39CA-4691-80FC-553113434DF8}.Release|Any CPU.ActiveCfg = Release|Any CPU
		{9EA12B01-39CA-4691-80FC-553113434DF8}.Release|Any CPU.Build.0 = Release|Any CPU
		{586051DC-0832-4F2D-96D8-B16CE8DAFBB6}.Debug|Any CPU.ActiveCfg = Debug|Any CPU
		{586051DC-0832-4F2D-96D8-B16CE8DAFBB6}.Debug|Any CPU.Build.0 = Debug|Any CPU
		{586051DC-0832-4F2D-96D8-B16CE8DAFBB6}.Release|Any CPU.ActiveCfg = Release|Any CPU
		{586051DC-0832-4F2D-96D8-B16CE8DAFBB6}.Release|Any CPU.Build.0 = Release|Any CPU
		{A55AEEA4-7297-4940-9963-388E2A466A5E}.Debug|Any CPU.ActiveCfg = Debug|Any CPU
		{A55AEEA4-7297-4940-9963-388E2A466A5E}.Debug|Any CPU.Build.0 = Debug|Any CPU
		{A55AEEA4-7297-4940-9963-388E2A466A5E}.Release|Any CPU.ActiveCfg = Release|Any CPU
		{A55AEEA4-7297-4940-9963-388E2A466A5E}.Release|Any CPU.Build.0 = Release|Any CPU
	EndGlobalSection
	GlobalSection(SolutionProperties) = preSolution
		HideSolutionNode = FALSE
	EndGlobalSection
	GlobalSection(ExtensibilityGlobals) = postSolution
		SolutionGuid = {E93CAF8C-531F-412B-9D05-6D511D050564}
	EndGlobalSection
EndGlobal
